
Microsoft Visual Studio Solution File, Format Version 12.00
# Visual Studio Version 17
VisualStudioVersion = 17.3.32922.545
MinimumVisualStudioVersion = 10.0.40219.1
Project("{9A19103F-16F7-4668-BE54-9A1E7A4F7556}") = "AspMsSQL", "AspMsSQL\AspMsSQL.csproj", "{D719BBCA-6FF1-4EFE-9AB6-6DDFBE4B8169}"
EndProject
Project("{E53339B2-1760-4266-BCC7-CA923CBCF16C}") = "docker-compose", "docker-compose.dcproj", "{7400F558-2669-4CCF-988B-3996EF854CC9}"
EndProject
Global
	GlobalSection(SolutionConfigurationPlatforms) = preSolution
		Debug|Any CPU = Debug|Any CPU
		Release|Any CPU = Release|Any CPU
	EndGlobalSection
	GlobalSection(ProjectConfigurationPlatforms) = postSolution
		{D719BBCA-6FF1-4EFE-9AB6-6DDFBE4B8169}.Debug|Any CPU.ActiveCfg = Debug|Any CPU
		{D719BBCA-6FF1-4EFE-9AB6-6DDFBE4B8169}.Debug|Any CPU.Build.0 = Debug|Any CPU
		{D719BBCA-6FF1-4EFE-9AB6-6DDFBE4B8169}.Release|Any CPU.ActiveCfg = Release|Any CPU
		{D719BBCA-6FF1-4EFE-9AB6-6DDFBE4B8169}.Release|Any CPU.Build.0 = Release|Any CPU
		{7400F558-2669-4CCF-988B-3996EF854CC9}.Debug|Any CPU.ActiveCfg = Debug|Any CPU
		{7400F558-2669-4CCF-988B-3996EF854CC9}.Debug|Any CPU.Build.0 = Debug|Any CPU
		{7400F558-2669-4CCF-988B-3996EF854CC9}.Release|Any CPU.ActiveCfg = Release|Any CPU
		{7400F558-2669-4CCF-988B-3996EF854CC9}.Release|Any CPU.Build.0 = Release|Any CPU
	EndGlobalSection
	GlobalSection(SolutionProperties) = preSolution
		HideSolutionNode = FALSE
	EndGlobalSection
	GlobalSection(ExtensibilityGlobals) = postSolution
		SolutionGuid = {765FDAA4-C39F-4ECA-AD4E-972E98980EDF}
	EndGlobalSection
EndGlobal
